
Microsoft Visual Studio Solution File, Format Version 12.00
# Visual Studio Version 16
VisualStudioVersion = 16.0.29709.97
MinimumVisualStudioVersion = 10.0.40219.1
Project("{FAE04EC0-301F-11D3-BF4B-00C04F79EFBC}") = "AutoTest03", "AutoTest03.csproj", "{064C527C-F4F2-452B-A153-3978EF227BF0}"
EndProject
Global
	GlobalSection(SolutionConfigurationPlatforms) = preSolution
		Debug|Any CPU = Debug|Any CPU
		Release|Any CPU = Release|Any CPU
	EndGlobalSection
	GlobalSection(ProjectConfigurationPlatforms) = postSolution
		{064C527C-F4F2-452B-A153-3978EF227BF0}.Debug|Any CPU.ActiveCfg = Debug|Any CPU
		{064C527C-F4F2-452B-A153-3978EF227BF0}.Debug|Any CPU.Build.0 = Debug|Any CPU
		{064C527C-F4F2-452B-A153-3978EF227BF0}.Release|Any CPU.ActiveCfg = Release|Any CPU
		{064C527C-F4F2-452B-A153-3978EF227BF0}.Release|Any CPU.Build.0 = Release|Any CPU
	EndGlobalSection
	GlobalSection(SolutionProperties) = preSolution
		HideSolutionNode = FALSE
	EndGlobalSection
	GlobalSection(ExtensibilityGlobals) = postSolution
		SolutionGuid = {FF0E39CA-3F52-41AA-AE9B-9425CF4D8C65}
	EndGlobalSection
EndGlobal
